
Microsoft Visual Studio Solution File, Format Version 12.00
# Visual Studio Version 17
VisualStudioVersion = 17.9.34407.89
MinimumVisualStudioVersion = 10.0.40219.1
Project("{FAE04EC0-301F-11D3-BF4B-00C04F79EFBC}") = "Backbone-Name-Adapter", "Backbone-Name-Adapter.csproj", "{DF4F63CC-EB40-C47F-38FA-C0079702302C}"
EndProject
Global
	GlobalSection(SolutionConfigurationPlatforms) = preSolution
		Debug|Any CPU = Debug|Any CPU
		Release|Any CPU = Release|Any CPU
	EndGlobalSection
	GlobalSection(ProjectConfigurationPlatforms) = postSolution
		{DF4F63CC-EB40-C47F-38FA-C0079702302C}.Debug|Any CPU.ActiveCfg = Debug|Any CPU
		{DF4F63CC-EB40-C47F-38FA-C0079702302C}.Debug|Any CPU.Build.0 = Debug|Any CPU
		{DF4F63CC-EB40-C47F-38FA-C0079702302C}.Release|Any CPU.ActiveCfg = Release|Any CPU
		{DF4F63CC-EB40-C47F-38FA-C0079702302C}.Release|Any CPU.Build.0 = Release|Any CPU
	EndGlobalSection
	GlobalSection(SolutionProperties) = preSolution
		HideSolutionNode = FALSE
	EndGlobalSection
	GlobalSection(ExtensibilityGlobals) = postSolution
		SolutionGuid = {E8DC4FE2-024F-42AC-A448-2DB4CFF441E3}
	EndGlobalSection
EndGlobal
